Microsoft Visual Studio Solution File, Format Version 12.00
# Visual Studio 14
VisualStudioVersion = 14.0.23107.0
MinimumVisualStudioVersion = 10.0.40219.1
Project("{2150E333-8FDC-42A3-9474-1A3956D46DE8}") = "Solution Items", "Solution Items", "{0691ABF2-B3C7-43BF-9862-2D8D1299CE58}"
	ProjectSection(SolutionItems) = preProject
		AutoMapper.targets = AutoMapper.targets
		..\default.ps1 = ..\default.ps1
		..\global.json = ..\global.json
		..\psake.bat = ..\psake.bat
		..\README.md = ..\README.md
	EndProjectSection
EndProject
Project("{FAE04EC0-301F-11D3-BF4B-00C04F79EFBC}") = "AutoMapperSamples", "AutoMapperSamples\AutoMapperSamples.csproj", "{277C689D-B1C1-43EA-B20D-C1155C4B2EA7}"
EndProject
Project("{2150E333-8FDC-42A3-9474-1A3956D46DE8}") = "Core", "Core", "{C1930F52-C66E-4E56-B7DB-FD42E497FFF0}"
EndProject
Project("{2150E333-8FDC-42A3-9474-1A3956D46DE8}") = "Samples", "Samples", "{B84E9CD3-2DDB-47FA-84BE-732EBF2F46CD}"
EndProject
Project("{2150E333-8FDC-42A3-9474-1A3956D46DE8}") = ".nuget", ".nuget", "{1A726C5A-1BDC-4275-95EB-1FAFCCCB4F20}"
	ProjectSection(SolutionItems) = preProject
		.nuget\NuGet.Config = .nuget\NuGet.Config
		.nuget\NuGet.exe = .nuget\NuGet.exe
	EndProjectSection
EndProject
Project("{8BB2217D-0F2D-49D1-97BC-3654ED321F3B}") = "AutoMapper", "AutoMapper\AutoMapper.xproj", "{35888286-1428-4BF3-BB0C-D8BC092D0A5D}"
EndProject
Project("{FAE04EC0-301F-11D3-BF4B-00C04F79EFBC}") = "AutoMapper.Net4", "AutoMapper.Net4\AutoMapper.Net4.csproj", "{8C955148-FA96-4F0D-880D-ABB6770F54E9}"
EndProject
Project("{2150E333-8FDC-42A3-9474-1A3956D46DE8}") = "Prototype", "Prototype", "{63E8FAB2-090D-4794-9B29-190A2606013B}"
EndProject
Project("{FAE04EC0-301F-11D3-BF4B-00C04F79EFBC}") = "Materialize", "Materialize\Materialize.csproj", "{F8A1B543-0B7F-40AA-907D-775CDB36CE7F}"
EndProject
Project("{FAE04EC0-301F-11D3-BF4B-00C04F79EFBC}") = "Materialize.EF6", "Materialize.EF6\Materialize.EF6.csproj", "{17079AEF-66A9-49AB-8556-B753E170EF42}"
EndProject
Project("{FAE04EC0-301F-11D3-BF4B-00C04F79EFBC}") = "Materialize.Demo", "Materialize.Demo\Materialize.Demo.csproj", "{94DB1717-DC89-487F-816F-CE3A6E39DCB1}"
EndProject
Project("{FAE04EC0-301F-11D3-BF4B-00C04F79EFBC}") = "Materialize.Demo2", "Materialize.Demo2\Materialize.Demo2.csproj", "{5BE30957-9BDA-460A-8885-C2D22D103F2C}"
EndProject
Project("{FAE04EC0-301F-11D3-BF4B-00C04F79EFBC}") = "Materialize.Demo2.Client", "Materialize.Demo2.Client\Materialize.Demo2.Client.csproj", "{27F82C5D-E7AB-4200-8194-464D58CE5A16}"
EndProject
Project("{FAE04EC0-301F-11D3-BF4B-00C04F79EFBC}") = "Materialize.Tests2", "Materialize.Tests2\Materialize.Tests2.csproj", "{1A4B6831-DCE2-4A5F-A966-DB3EE81400BC}"
EndProject
Project("{FAE04EC0-301F-11D3-BF4B-00C04F79EFBC}") = "Materialize.RandomQueries", "Materialize.RandomQueries\Materialize.RandomQueries.csproj", "{4F33BCD0-EF53-4905-8CF9-1FE14D39B446}"
EndProject
Global
	GlobalSection(SolutionConfigurationPlatforms) = preSolution
		Debug|Any CPU = Debug|Any CPU
		Debug|ARM = Debug|ARM
		Debug|x64 = Debug|x64
		Debug|x86 = Debug|x86
		Release|Any CPU = Release|Any CPU
		Release|ARM = Release|ARM
		Release|x64 = Release|x64
		Release|x86 = Release|x86
		ReleaseWin8|Any CPU = ReleaseWin8|Any CPU
		ReleaseWin8|ARM = ReleaseWin8|ARM
		ReleaseWin8|x64 = ReleaseWin8|x64
		ReleaseWin8|x86 = ReleaseWin8|x86
	EndGlobalSection
	GlobalSection(ProjectConfigurationPlatforms) = postSolution
		{277C689D-B1C1-43EA-B20D-C1155C4B2EA7}.Debug|Any CPU.ActiveCfg = Debug|Any CPU
		{277C689D-B1C1-43EA-B20D-C1155C4B2EA7}.Debug|Any CPU.Build.0 = Debug|Any CPU
		{277C689D-B1C1-43EA-B20D-C1155C4B2EA7}.Debug|ARM.ActiveCfg = Debug|Any CPU
		{277C689D-B1C1-43EA-B20D-C1155C4B2EA7}.Debug|x64.ActiveCfg = Debug|Any CPU
		{277C689D-B1C1-43EA-B20D-C1155C4B2EA7}.Debug|x86.ActiveCfg = Debug|Any CPU
		{277C689D-B1C1-43EA-B20D-C1155C4B2EA7}.Release|Any CPU.ActiveCfg = Release|Any CPU
		{277C689D-B1C1-43EA-B20D-C1155C4B2EA7}.Release|ARM.ActiveCfg = Release|Any CPU
		{277C689D-B1C1-43EA-B20D-C1155C4B2EA7}.Release|x64.ActiveCfg = Release|Any CPU
		{277C689D-B1C1-43EA-B20D-C1155C4B2EA7}.Release|x86.ActiveCfg = Release|Any CPU
		{277C689D-B1C1-43EA-B20D-C1155C4B2EA7}.ReleaseWin8|Any CPU.ActiveCfg = Release|Any CPU
		{277C689D-B1C1-43EA-B20D-C1155C4B2EA7}.ReleaseWin8|ARM.ActiveCfg = Release|Any CPU
		{277C689D-B1C1-43EA-B20D-C1155C4B2EA7}.ReleaseWin8|x64.ActiveCfg = Release|Any CPU
		{277C689D-B1C1-43EA-B20D-C1155C4B2EA7}.ReleaseWin8|x86.ActiveCfg = Release|Any CPU
		{35888286-1428-4BF3-BB0C-D8BC092D0A5D}.Debug|Any CPU.ActiveCfg = Debug|Any CPU
		{35888286-1428-4BF3-BB0C-D8BC092D0A5D}.Debug|Any CPU.Build.0 = Debug|Any CPU
		{35888286-1428-4BF3-BB0C-D8BC092D0A5D}.Debug|ARM.ActiveCfg = Debug|Any CPU
		{35888286-1428-4BF3-BB0C-D8BC092D0A5D}.Debug|ARM.Build.0 = Debug|Any CPU
		{35888286-1428-4BF3-BB0C-D8BC092D0A5D}.Debug|x64.ActiveCfg = Debug|Any CPU
		{35888286-1428-4BF3-BB0C-D8BC092D0A5D}.Debug|x64.Build.0 = Debug|Any CPU
		{35888286-1428-4BF3-BB0C-D8BC092D0A5D}.Debug|x86.ActiveCfg = Debug|Any CPU
		{35888286-1428-4BF3-BB0C-D8BC092D0A5D}.Debug|x86.Build.0 = Debug|Any CPU
		{35888286-1428-4BF3-BB0C-D8BC092D0A5D}.Release|Any CPU.ActiveCfg = Release|Any CPU
		{35888286-1428-4BF3-BB0C-D8BC092D0A5D}.Release|Any CPU.Build.0 = Release|Any CPU
		{35888286-1428-4BF3-BB0C-D8BC092D0A5D}.Release|ARM.ActiveCfg = Release|Any CPU
		{35888286-1428-4BF3-BB0C-D8BC092D0A5D}.Release|ARM.Build.0 = Release|Any CPU
		{35888286-1428-4BF3-BB0C-D8BC092D0A5D}.Release|x64.ActiveCfg = Release|Any CPU
		{35888286-1428-4BF3-BB0C-D8BC092D0A5D}.Release|x64.Build.0 = Release|Any CPU
		{35888286-1428-4BF3-BB0C-D8BC092D0A5D}.Release|x86.ActiveCfg = Release|Any CPU
		{35888286-1428-4BF3-BB0C-D8BC092D0A5D}.Release|x86.Build.0 = Release|Any CPU
		{35888286-1428-4BF3-BB0C-D8BC092D0A5D}.ReleaseWin8|Any CPU.ActiveCfg = Release|Any CPU
		{35888286-1428-4BF3-BB0C-D8BC092D0A5D}.ReleaseWin8|Any CPU.Build.0 = Release|Any CPU
		{35888286-1428-4BF3-BB0C-D8BC092D0A5D}.ReleaseWin8|ARM.ActiveCfg = Release|Any CPU
		{35888286-1428-4BF3-BB0C-D8BC092D0A5D}.ReleaseWin8|ARM.Build.0 = Release|Any CPU
		{35888286-1428-4BF3-BB0C-D8BC092D0A5D}.ReleaseWin8|x64.ActiveCfg = Release|Any CPU
		{35888286-1428-4BF3-BB0C-D8BC092D0A5D}.ReleaseWin8|x64.Build.0 = Release|Any CPU
		{35888286-1428-4BF3-BB0C-D8BC092D0A5D}.ReleaseWin8|x86.ActiveCfg = Release|Any CPU
		{35888286-1428-4BF3-BB0C-D8BC092D0A5D}.ReleaseWin8|x86.Build.0 = Release|Any CPU
		{8C955148-FA96-4F0D-880D-ABB6770F54E9}.Debug|Any CPU.ActiveCfg = Debug|Any CPU
		{8C955148-FA96-4F0D-880D-ABB6770F54E9}.Debug|Any CPU.Build.0 = Debug|Any CPU
		{8C955148-FA96-4F0D-880D-ABB6770F54E9}.Debug|ARM.ActiveCfg = Debug|Any CPU
		{8C955148-FA96-4F0D-880D-ABB6770F54E9}.Debug|ARM.Build.0 = Debug|Any CPU
		{8C955148-FA96-4F0D-880D-ABB6770F54E9}.Debug|x64.ActiveCfg = Debug|Any CPU
		{8C955148-FA96-4F0D-880D-ABB6770F54E9}.Debug|x64.Build.0 = Debug|Any CPU
		{8C955148-FA96-4F0D-880D-ABB6770F54E9}.Debug|x86.ActiveCfg = Debug|Any CPU
		{8C955148-FA96-4F0D-880D-ABB6770F54E9}.Debug|x86.Build.0 = Debug|Any CPU
		{8C955148-FA96-4F0D-880D-ABB6770F54E9}.Release|Any CPU.ActiveCfg = Release|Any CPU
		{8C955148-FA96-4F0D-880D-ABB6770F54E9}.Release|Any CPU.Build.0 = Release|Any CPU
		{8C955148-FA96-4F0D-880D-ABB6770F54E9}.Release|ARM.ActiveCfg = Release|Any CPU
		{8C955148-FA96-4F0D-880D-ABB6770F54E9}.Release|ARM.Build.0 = Release|Any CPU
		{8C955148-FA96-4F0D-880D-ABB6770F54E9}.Release|x64.ActiveCfg = Release|Any CPU
		{8C955148-FA96-4F0D-880D-ABB6770F54E9}.Release|x64.Build.0 = Release|Any CPU
		{8C955148-FA96-4F0D-880D-ABB6770F54E9}.Release|x86.ActiveCfg = Release|Any CPU
		{8C955148-FA96-4F0D-880D-ABB6770F54E9}.Release|x86.Build.0 = Release|Any CPU
		{8C955148-FA96-4F0D-880D-ABB6770F54E9}.ReleaseWin8|Any CPU.ActiveCfg = Release|Any CPU
		{8C955148-FA96-4F0D-880D-ABB6770F54E9}.ReleaseWin8|Any CPU.Build.0 = Release|Any CPU
		{8C955148-FA96-4F0D-880D-ABB6770F54E9}.ReleaseWin8|ARM.ActiveCfg = Release|Any CPU
		{8C955148-FA96-4F0D-880D-ABB6770F54E9}.ReleaseWin8|ARM.Build.0 = Release|Any CPU
		{8C955148-FA96-4F0D-880D-ABB6770F54E9}.ReleaseWin8|x64.ActiveCfg = Release|Any CPU
		{8C955148-FA96-4F0D-880D-ABB6770F54E9}.ReleaseWin8|x64.Build.0 = Release|Any CPU
		{8C955148-FA96-4F0D-880D-ABB6770F54E9}.ReleaseWin8|x86.ActiveCfg = Release|Any CPU
		{8C955148-FA96-4F0D-880D-ABB6770F54E9}.ReleaseWin8|x86.Build.0 = Release|Any CPU
		{F8A1B543-0B7F-40AA-907D-775CDB36CE7F}.Debug|Any CPU.ActiveCfg = Debug|Any CPU
		{F8A1B543-0B7F-40AA-907D-775CDB36CE7F}.Debug|Any CPU.Build.0 = Debug|Any CPU
		{F8A1B543-0B7F-40AA-907D-775CDB36CE7F}.Debug|ARM.ActiveCfg = Debug|Any CPU
		{F8A1B543-0B7F-40AA-907D-775CDB36CE7F}.Debug|ARM.Build.0 = Debug|Any CPU
		{F8A1B543-0B7F-40AA-907D-775CDB36CE7F}.Debug|x64.ActiveCfg = Debug|Any CPU
		{F8A1B543-0B7F-40AA-907D-775CDB36CE7F}.Debug|x64.Build.0 = Debug|Any CPU
		{F8A1B543-0B7F-40AA-907D-775CDB36CE7F}.Debug|x86.ActiveCfg = Debug|Any CPU
		{F8A1B543-0B7F-40AA-907D-775CDB36CE7F}.Debug|x86.Build.0 = Debug|Any CPU
		{F8A1B543-0B7F-40AA-907D-775CDB36CE7F}.Release|Any CPU.ActiveCfg = Release|Any CPU
		{F8A1B543-0B7F-40AA-907D-775CDB36CE7F}.Release|Any CPU.Build.0 = Release|Any CPU
		{F8A1B543-0B7F-40AA-907D-775CDB36CE7F}.Release|ARM.ActiveCfg = Release|Any CPU
		{F8A1B543-0B7F-40AA-907D-775CDB36CE7F}.Release|ARM.Build.0 = Release|Any CPU
		{F8A1B543-0B7F-40AA-907D-775CDB36CE7F}.Release|x64.ActiveCfg = Release|Any CPU
		{F8A1B543-0B7F-40AA-907D-775CDB36CE7F}.Release|x64.Build.0 = Release|Any CPU
		{F8A1B543-0B7F-40AA-907D-775CDB36CE7F}.Release|x86.ActiveCfg = Release|Any CPU
		{F8A1B543-0B7F-40AA-907D-775CDB36CE7F}.Release|x86.Build.0 = Release|Any CPU
		{F8A1B543-0B7F-40AA-907D-775CDB36CE7F}.ReleaseWin8|Any CPU.ActiveCfg = Release|Any CPU
		{F8A1B543-0B7F-40AA-907D-775CDB36CE7F}.ReleaseWin8|Any CPU.Build.0 = Release|Any CPU
		{F8A1B543-0B7F-40AA-907D-775CDB36CE7F}.ReleaseWin8|ARM.ActiveCfg = Release|Any CPU
		{F8A1B543-0B7F-40AA-907D-775CDB36CE7F}.ReleaseWin8|ARM.Build.0 = Release|Any CPU
		{F8A1B543-0B7F-40AA-907D-775CDB36CE7F}.ReleaseWin8|x64.ActiveCfg = Release|Any CPU
		{F8A1B543-0B7F-40AA-907D-775CDB36CE7F}.ReleaseWin8|x64.Build.0 = Release|Any CPU
		{F8A1B543-0B7F-40AA-907D-775CDB36CE7F}.ReleaseWin8|x86.ActiveCfg = Release|Any CPU
		{F8A1B543-0B7F-40AA-907D-775CDB36CE7F}.ReleaseWin8|x86.Build.0 = Release|Any CPU
		{17079AEF-66A9-49AB-8556-B753E170EF42}.Debug|Any CPU.ActiveCfg = Debug|Any CPU
		{17079AEF-66A9-49AB-8556-B753E170EF42}.Debug|Any CPU.Build.0 = Debug|Any CPU
		{17079AEF-66A9-49AB-8556-B753E170EF42}.Debug|ARM.ActiveCfg = Debug|Any CPU
		{17079AEF-66A9-49AB-8556-B753E170EF42}.Debug|ARM.Build.0 = Debug|Any CPU
		{17079AEF-66A9-49AB-8556-B753E170EF42}.Debug|x64.ActiveCfg = Debug|Any CPU
		{17079AEF-66A9-49AB-8556-B753E170EF42}.Debug|x64.Build.0 = Debug|Any CPU
		{17079AEF-66A9-49AB-8556-B753E170EF42}.Debug|x86.ActiveCfg = Debug|Any CPU
		{17079AEF-66A9-49AB-8556-B753E170EF42}.Debug|x86.Build.0 = Debug|Any CPU
		{17079AEF-66A9-49AB-8556-B753E170EF42}.Release|Any CPU.ActiveCfg = Release|Any CPU
		{17079AEF-66A9-49AB-8556-B753E170EF42}.Release|Any CPU.Build.0 = Release|Any CPU
		{17079AEF-66A9-49AB-8556-B753E170EF42}.Release|ARM.ActiveCfg = Release|Any CPU
		{17079AEF-66A9-49AB-8556-B753E170EF42}.Release|ARM.Build.0 = Release|Any CPU
		{17079AEF-66A9-49AB-8556-B753E170EF42}.Release|x64.ActiveCfg = Release|Any CPU
		{17079AEF-66A9-49AB-8556-B753E170EF42}.Release|x64.Build.0 = Release|Any CPU
		{17079AEF-66A9-49AB-8556-B753E170EF42}.Release|x86.ActiveCfg = Release|Any CPU
		{17079AEF-66A9-49AB-8556-B753E170EF42}.Release|x86.Build.0 = Release|Any CPU
		{17079AEF-66A9-49AB-8556-B753E170EF42}.ReleaseWin8|Any CPU.ActiveCfg = Release|Any CPU
		{17079AEF-66A9-49AB-8556-B753E170EF42}.ReleaseWin8|Any CPU.Build.0 = Release|Any CPU
		{17079AEF-66A9-49AB-8556-B753E170EF42}.ReleaseWin8|ARM.ActiveCfg = Release|Any CPU
		{17079AEF-66A9-49AB-8556-B753E170EF42}.ReleaseWin8|ARM.Build.0 = Release|Any CPU
		{17079AEF-66A9-49AB-8556-B753E170EF42}.ReleaseWin8|x64.ActiveCfg = Release|Any CPU
		{17079AEF-66A9-49AB-8556-B753E170EF42}.ReleaseWin8|x64.Build.0 = Release|Any CPU
		{17079AEF-66A9-49AB-8556-B753E170EF42}.ReleaseWin8|x86.ActiveCfg = Release|Any CPU
		{17079AEF-66A9-49AB-8556-B753E170EF42}.ReleaseWin8|x86.Build.0 = Release|Any CPU
		{94DB1717-DC89-487F-816F-CE3A6E39DCB1}.Debug|Any CPU.ActiveCfg = Debug|Any CPU
		{94DB1717-DC89-487F-816F-CE3A6E39DCB1}.Debug|Any CPU.Build.0 = Debug|Any CPU
		{94DB1717-DC89-487F-816F-CE3A6E39DCB1}.Debug|ARM.ActiveCfg = Debug|Any CPU
		{94DB1717-DC89-487F-816F-CE3A6E39DCB1}.Debug|ARM.Build.0 = Debug|Any CPU
		{94DB1717-DC89-487F-816F-CE3A6E39DCB1}.Debug|x64.ActiveCfg = Debug|Any CPU
		{94DB1717-DC89-487F-816F-CE3A6E39DCB1}.Debug|x64.Build.0 = Debug|Any CPU
		{94DB1717-DC89-487F-816F-CE3A6E39DCB1}.Debug|x86.ActiveCfg = Debug|Any CPU
		{94DB1717-DC89-487F-816F-CE3A6E39DCB1}.Debug|x86.Build.0 = Debug|Any CPU
		{94DB1717-DC89-487F-816F-CE3A6E39DCB1}.Release|Any CPU.ActiveCfg = Release|Any CPU
		{94DB1717-DC89-487F-816F-CE3A6E39DCB1}.Release|Any CPU.Build.0 = Release|Any CPU
		{94DB1717-DC89-487F-816F-CE3A6E39DCB1}.Release|ARM.ActiveCfg = Release|Any CPU
		{94DB1717-DC89-487F-816F-CE3A6E39DCB1}.Release|ARM.Build.0 = Release|Any CPU
		{94DB1717-DC89-487F-816F-CE3A6E39DCB1}.Release|x64.ActiveCfg = Release|Any CPU
		{94DB1717-DC89-487F-816F-CE3A6E39DCB1}.Release|x64.Build.0 = Release|Any CPU
		{94DB1717-DC89-487F-816F-CE3A6E39DCB1}.Release|x86.ActiveCfg = Release|Any CPU
		{94DB1717-DC89-487F-816F-CE3A6E39DCB1}.Release|x86.Build.0 = Release|Any CPU
		{94DB1717-DC89-487F-816F-CE3A6E39DCB1}.ReleaseWin8|Any CPU.ActiveCfg = Release|Any CPU
		{94DB1717-DC89-487F-816F-CE3A6E39DCB1}.ReleaseWin8|Any CPU.Build.0 = Release|Any CPU
		{94DB1717-DC89-487F-816F-CE3A6E39DCB1}.ReleaseWin8|ARM.ActiveCfg = Release|Any CPU
		{94DB1717-DC89-487F-816F-CE3A6E39DCB1}.ReleaseWin8|ARM.Build.0 = Release|Any CPU
		{94DB1717-DC89-487F-816F-CE3A6E39DCB1}.ReleaseWin8|x64.ActiveCfg = Release|Any CPU
		{94DB1717-DC89-487F-816F-CE3A6E39DCB1}.ReleaseWin8|x64.Build.0 = Release|Any CPU
		{94DB1717-DC89-487F-816F-CE3A6E39DCB1}.ReleaseWin8|x86.ActiveCfg = Release|Any CPU
		{94DB1717-DC89-487F-816F-CE3A6E39DCB1}.ReleaseWin8|x86.Build.0 = Release|Any CPU
		{5BE30957-9BDA-460A-8885-C2D22D103F2C}.Debug|Any CPU.ActiveCfg = Debug|Any CPU
		{5BE30957-9BDA-460A-8885-C2D22D103F2C}.Debug|Any CPU.Build.0 = Debug|Any CPU
		{5BE30957-9BDA-460A-8885-C2D22D103F2C}.Debug|ARM.ActiveCfg = Debug|Any CPU
		{5BE30957-9BDA-460A-8885-C2D22D103F2C}.Debug|ARM.Build.0 = Debug|Any CPU
		{5BE30957-9BDA-460A-8885-C2D22D103F2C}.Debug|x64.ActiveCfg = Debug|Any CPU
		{5BE30957-9BDA-460A-8885-C2D22D103F2C}.Debug|x64.Build.0 = Debug|Any CPU
		{5BE30957-9BDA-460A-8885-C2D22D103F2C}.Debug|x86.ActiveCfg = Debug|Any CPU
		{5BE30957-9BDA-460A-8885-C2D22D103F2C}.Debug|x86.Build.0 = Debug|Any CPU
		{5BE30957-9BDA-460A-8885-C2D22D103F2C}.Release|Any CPU.ActiveCfg = Release|Any CPU
		{5BE30957-9BDA-460A-8885-C2D22D103F2C}.Release|Any CPU.Build.0 = Release|Any CPU
		{5BE30957-9BDA-460A-8885-C2D22D103F2C}.Release|ARM.ActiveCfg = Release|Any CPU
		{5BE30957-9BDA-460A-8885-C2D22D103F2C}.Release|ARM.Build.0 = Release|Any CPU
		{5BE30957-9BDA-460A-8885-C2D22D103F2C}.Release|x64.ActiveCfg = Release|Any CPU
		{5BE30957-9BDA-460A-8885-C2D22D103F2C}.Release|x64.Build.0 = Release|Any CPU
		{5BE30957-9BDA-460A-8885-C2D22D103F2C}.Release|x86.ActiveCfg = Release|Any CPU
		{5BE30957-9BDA-460A-8885-C2D22D103F2C}.Release|x86.Build.0 = Release|Any CPU
		{5BE30957-9BDA-460A-8885-C2D22D103F2C}.ReleaseWin8|Any CPU.ActiveCfg = Release|Any CPU
		{5BE30957-9BDA-460A-8885-C2D22D103F2C}.ReleaseWin8|Any CPU.Build.0 = Release|Any CPU
		{5BE30957-9BDA-460A-8885-C2D22D103F2C}.ReleaseWin8|ARM.ActiveCfg = Release|Any CPU
		{5BE30957-9BDA-460A-8885-C2D22D103F2C}.ReleaseWin8|ARM.Build.0 = Release|Any CPU
		{5BE30957-9BDA-460A-8885-C2D22D103F2C}.ReleaseWin8|x64.ActiveCfg = Release|Any CPU
		{5BE30957-9BDA-460A-8885-C2D22D103F2C}.ReleaseWin8|x64.Build.0 = Release|Any CPU
		{5BE30957-9BDA-460A-8885-C2D22D103F2C}.ReleaseWin8|x86.ActiveCfg = Release|Any CPU
		{5BE30957-9BDA-460A-8885-C2D22D103F2C}.ReleaseWin8|x86.Build.0 = Release|Any CPU
		{27F82C5D-E7AB-4200-8194-464D58CE5A16}.Debug|Any CPU.ActiveCfg = Debug|Any CPU
		{27F82C5D-E7AB-4200-8194-464D58CE5A16}.Debug|Any CPU.Build.0 = Debug|Any CPU
		{27F82C5D-E7AB-4200-8194-464D58CE5A16}.Debug|ARM.ActiveCfg = Debug|Any CPU
		{27F82C5D-E7AB-4200-8194-464D58CE5A16}.Debug|ARM.Build.0 = Debug|Any CPU
		{27F82C5D-E7AB-4200-8194-464D58CE5A16}.Debug|x64.ActiveCfg = Debug|Any CPU
		{27F82C5D-E7AB-4200-8194-464D58CE5A16}.Debug|x64.Build.0 = Debug|Any CPU
		{27F82C5D-E7AB-4200-8194-464D58CE5A16}.Debug|x86.ActiveCfg = Debug|Any CPU
		{27F82C5D-E7AB-4200-8194-464D58CE5A16}.Debug|x86.Build.0 = Debug|Any CPU
		{27F82C5D-E7AB-4200-8194-464D58CE5A16}.Release|Any CPU.ActiveCfg = Release|Any CPU
		{27F82C5D-E7AB-4200-8194-464D58CE5A16}.Release|Any CPU.Build.0 = Release|Any CPU
		{27F82C5D-E7AB-4200-8194-464D58CE5A16}.Release|ARM.ActiveCfg = Release|Any CPU
		{27F82C5D-E7AB-4200-8194-464D58CE5A16}.Release|ARM.Build.0 = Release|Any CPU
		{27F82C5D-E7AB-4200-8194-464D58CE5A16}.Release|x64.ActiveCfg = Release|Any CPU
		{27F82C5D-E7AB-4200-8194-464D58CE5A16}.Release|x64.Build.0 = Release|Any CPU
		{27F82C5D-E7AB-4200-8194-464D58CE5A16}.Release|x86.ActiveCfg = Release|Any CPU
		{27F82C5D-E7AB-4200-8194-464D58CE5A16}.Release|x86.Build.0 = Release|Any CPU
		{27F82C5D-E7AB-4200-8194-464D58CE5A16}.ReleaseWin8|Any CPU.ActiveCfg = Release|Any CPU
		{27F82C5D-E7AB-4200-8194-464D58CE5A16}.ReleaseWin8|Any CPU.Build.0 = Release|Any CPU
		{27F82C5D-E7AB-4200-8194-464D58CE5A16}.ReleaseWin8|ARM.ActiveCfg = Release|Any CPU
		{27F82C5D-E7AB-4200-8194-464D58CE5A16}.ReleaseWin8|ARM.Build.0 = Release|Any CPU
		{27F82C5D-E7AB-4200-8194-464D58CE5A16}.ReleaseWin8|x64.ActiveCfg = Release|Any CPU
		{27F82C5D-E7AB-4200-8194-464D58CE5A16}.ReleaseWin8|x64.Build.0 = Release|Any CPU
		{27F82C5D-E7AB-4200-8194-464D58CE5A16}.ReleaseWin8|x86.ActiveCfg = Release|Any CPU
		{27F82C5D-E7AB-4200-8194-464D58CE5A16}.ReleaseWin8|x86.Build.0 = Release|Any CPU
		{1A4B6831-DCE2-4A5F-A966-DB3EE81400BC}.Debug|Any CPU.ActiveCfg = Debug|Any CPU
		{1A4B6831-DCE2-4A5F-A966-DB3EE81400BC}.Debug|Any CPU.Build.0 = Debug|Any CPU
		{1A4B6831-DCE2-4A5F-A966-DB3EE81400BC}.Debug|ARM.ActiveCfg = Debug|Any CPU
		{1A4B6831-DCE2-4A5F-A966-DB3EE81400BC}.Debug|ARM.Build.0 = Debug|Any CPU
		{1A4B6831-DCE2-4A5F-A966-DB3EE81400BC}.Debug|x64.ActiveCfg = Debug|Any CPU
		{1A4B6831-DCE2-4A5F-A966-DB3EE81400BC}.Debug|x64.Build.0 = Debug|Any CPU
		{1A4B6831-DCE2-4A5F-A966-DB3EE81400BC}.Debug|x86.ActiveCfg = Debug|Any CPU
		{1A4B6831-DCE2-4A5F-A966-DB3EE81400BC}.Debug|x86.Build.0 = Debug|Any CPU
		{1A4B6831-DCE2-4A5F-A966-DB3EE81400BC}.Release|Any CPU.ActiveCfg = Release|Any CPU
		{1A4B6831-DCE2-4A5F-A966-DB3EE81400BC}.Release|Any CPU.Build.0 = Release|Any CPU
		{1A4B6831-DCE2-4A5F-A966-DB3EE81400BC}.Release|ARM.ActiveCfg = Release|Any CPU
		{1A4B6831-DCE2-4A5F-A966-DB3EE81400BC}.Release|ARM.Build.0 = Release|Any CPU
		{1A4B6831-DCE2-4A5F-A966-DB3EE81400BC}.Release|x64.ActiveCfg = Release|Any CPU
		{1A4B6831-DCE2-4A5F-A966-DB3EE81400BC}.Release|x64.Build.0 = Release|Any CPU
		{1A4B6831-DCE2-4A5F-A966-DB3EE81400BC}.Release|x86.ActiveCfg = Release|Any CPU
		{1A4B6831-DCE2-4A5F-A966-DB3EE81400BC}.Release|x86.Build.0 = Release|Any CPU
		{1A4B6831-DCE2-4A5F-A966-DB3EE81400BC}.ReleaseWin8|Any CPU.ActiveCfg = Release|Any CPU
		{1A4B6831-DCE2-4A5F-A966-DB3EE81400BC}.ReleaseWin8|Any CPU.Build.0 = Release|Any CPU
		{1A4B6831-DCE2-4A5F-A966-DB3EE81400BC}.ReleaseWin8|ARM.ActiveCfg = Release|Any CPU
		{1A4B6831-DCE2-4A5F-A966-DB3EE81400BC}.ReleaseWin8|ARM.Build.0 = Release|Any CPU
		{1A4B6831-DCE2-4A5F-A966-DB3EE81400BC}.ReleaseWin8|x64.ActiveCfg = Release|Any CPU
		{1A4B6831-DCE2-4A5F-A966-DB3EE81400BC}.ReleaseWin8|x64.Build.0 = Release|Any CPU
		{1A4B6831-DCE2-4A5F-A966-DB3EE81400BC}.ReleaseWin8|x86.ActiveCfg = Release|Any CPU
		{1A4B6831-DCE2-4A5F-A966-DB3EE81400BC}.ReleaseWin8|x86.Build.0 = Release|Any CPU
		{4F33BCD0-EF53-4905-8CF9-1FE14D39B446}.Debug|Any CPU.ActiveCfg = Debug|Any CPU
		{4F33BCD0-EF53-4905-8CF9-1FE14D39B446}.Debug|Any CPU.Build.0 = Debug|Any CPU
		{4F33BCD0-EF53-4905-8CF9-1FE14D39B446}.Debug|ARM.ActiveCfg = Debug|Any CPU
		{4F33BCD0-EF53-4905-8CF9-1FE14D39B446}.Debug|ARM.Build.0 = Debug|Any CPU
		{4F33BCD0-EF53-4905-8CF9-1FE14D39B446}.Debug|x64.ActiveCfg = Debug|Any CPU
		{4F33BCD0-EF53-4905-8CF9-1FE14D39B446}.Debug|x64.Build.0 = Debug|Any CPU
		{4F33BCD0-EF53-4905-8CF9-1FE14D39B446}.Debug|x86.ActiveCfg = Debug|Any CPU
		{4F33BCD0-EF53-4905-8CF9-1FE14D39B446}.Debug|x86.Build.0 = Debug|Any CPU
		{4F33BCD0-EF53-4905-8CF9-1FE14D39B446}.Release|Any CPU.ActiveCfg = Release|Any CPU
		{4F33BCD0-EF53-4905-8CF9-1FE14D39B446}.Release|Any CPU.Build.0 = Release|Any CPU
		{4F33BCD0-EF53-4905-8CF9-1FE14D39B446}.Release|ARM.ActiveCfg = Release|Any CPU
		{4F33BCD0-EF53-4905-8CF9-1FE14D39B446}.Release|ARM.Build.0 = Release|Any CPU
		{4F33BCD0-EF53-4905-8CF9-1FE14D39B446}.Release|x64.ActiveCfg = Release|Any CPU
		{4F33BCD0-EF53-4905-8CF9-1FE14D39B446}.Release|x64.Build.0 = Release|Any CPU
		{4F33BCD0-EF53-4905-8CF9-1FE14D39B446}.Release|x86.ActiveCfg = Release|Any CPU
		{4F33BCD0-EF53-4905-8CF9-1FE14D39B446}.Release|x86.Build.0 = Release|Any CPU
		{4F33BCD0-EF53-4905-8CF9-1FE14D39B446}.ReleaseWin8|Any CPU.ActiveCfg = Release|Any CPU
		{4F33BCD0-EF53-4905-8CF9-1FE14D39B446}.ReleaseWin8|Any CPU.Build.0 = Release|Any CPU
		{4F33BCD0-EF53-4905-8CF9-1FE14D39B446}.ReleaseWin8|ARM.ActiveCfg = Release|Any CPU
		{4F33BCD0-EF53-4905-8CF9-1FE14D39B446}.ReleaseWin8|ARM.Build.0 = Release|Any CPU
		{4F33BCD0-EF53-4905-8CF9-1FE14D39B446}.ReleaseWin8|x64.ActiveCfg = Release|Any CPU
		{4F33BCD0-EF53-4905-8CF9-1FE14D39B446}.ReleaseWin8|x64.Build.0 = Release|Any CPU
		{4F33BCD0-EF53-4905-8CF9-1FE14D39B446}.ReleaseWin8|x86.ActiveCfg = Release|Any CPU
		{4F33BCD0-EF53-4905-8CF9-1FE14D39B446}.ReleaseWin8|x86.Build.0 = Release|Any CPU
	EndGlobalSection
	GlobalSection(SolutionProperties) = preSolution
		HideSolutionNode = FALSE
	EndGlobalSection
	GlobalSection(NestedProjects) = preSolution
		{277C689D-B1C1-43EA-B20D-C1155C4B2EA7} = {B84E9CD3-2DDB-47FA-84BE-732EBF2F46CD}
		{35888286-1428-4BF3-BB0C-D8BC092D0A5D} = {C1930F52-C66E-4E56-B7DB-FD42E497FFF0}
		{8C955148-FA96-4F0D-880D-ABB6770F54E9} = {C1930F52-C66E-4E56-B7DB-FD42E497FFF0}
		{F8A1B543-0B7F-40AA-907D-775CDB36CE7F} = {63E8FAB2-090D-4794-9B29-190A2606013B}
		{17079AEF-66A9-49AB-8556-B753E170EF42} = {63E8FAB2-090D-4794-9B29-190A2606013B}
		{94DB1717-DC89-487F-816F-CE3A6E39DCB1} = {63E8FAB2-090D-4794-9B29-190A2606013B}
		{5BE30957-9BDA-460A-8885-C2D22D103F2C} = {63E8FAB2-090D-4794-9B29-190A2606013B}
		{27F82C5D-E7AB-4200-8194-464D58CE5A16} = {63E8FAB2-090D-4794-9B29-190A2606013B}
		{1A4B6831-DCE2-4A5F-A966-DB3EE81400BC} = {63E8FAB2-090D-4794-9B29-190A2606013B}
		{4F33BCD0-EF53-4905-8CF9-1FE14D39B446} = {63E8FAB2-090D-4794-9B29-190A2606013B}
	EndGlobalSection
EndGlobal
